
Microsoft Visual Studio Solution File, Format Version 12.00
# Visual Studio Version 16
VisualStudioVersion = 16.0.29806.167
MinimumVisualStudioVersion = 10.0.40219.1
Project("{9A19103F-16F7-4668-BE54-9A1E7A4F7556}") = "FFlow.Core", "FFlow.Core\FFlow.Core.csproj", "{7618FB73-AA7B-4245-B147-CA7C449AB5D2}"
EndProject
Project("{9A19103F-16F7-4668-BE54-9A1E7A4F7556}") = "FFlow.Framework", "FFlow.Framework\FFlow.Framework.csproj", "{13241D1A-00B4-4B6E-ACC8-D4A38D88577D}"
EndProject
Project("{9A19103F-16F7-4668-BE54-9A1E7A4F7556}") = "FFlow.Tests", "FFlow.Tests\FFlow.Tests.csproj", "{5515DFAF-86CE-4F78-AB94-085D180A7212}"
EndProject
Global
	GlobalSection(SolutionConfigurationPlatforms) = preSolution
		Debug|Any CPU = Debug|Any CPU
		Release|Any CPU = Release|Any CPU
	EndGlobalSection
	GlobalSection(ProjectConfigurationPlatforms) = postSolution
		{7618FB73-AA7B-4245-B147-CA7C449AB5D2}.Debug|Any CPU.ActiveCfg = Debug|Any CPU
		{7618FB73-AA7B-4245-B147-CA7C449AB5D2}.Debug|Any CPU.Build.0 = Debug|Any CPU
		{7618FB73-AA7B-4245-B147-CA7C449AB5D2}.Release|Any CPU.ActiveCfg = Release|Any CPU
		{7618FB73-AA7B-4245-B147-CA7C449AB5D2}.Release|Any CPU.Build.0 = Release|Any CPU
		{13241D1A-00B4-4B6E-ACC8-D4A38D88577D}.Debug|Any CPU.ActiveCfg = Debug|Any CPU
		{13241D1A-00B4-4B6E-ACC8-D4A38D88577D}.Debug|Any CPU.Build.0 = Debug|Any CPU
		{13241D1A-00B4-4B6E-ACC8-D4A38D88577D}.Release|Any CPU.ActiveCfg = Release|Any CPU
		{13241D1A-00B4-4B6E-ACC8-D4A38D88577D}.Release|Any CPU.Build.0 = Release|Any CPU
		{5515DFAF-86CE-4F78-AB94-085D180A7212}.Debug|Any CPU.ActiveCfg = Debug|Any CPU
		{5515DFAF-86CE-4F78-AB94-085D180A7212}.Debug|Any CPU.Build.0 = Debug|Any CPU
		{5515DFAF-86CE-4F78-AB94-085D180A7212}.Release|Any CPU.ActiveCfg = Release|Any CPU
		{5515DFAF-86CE-4F78-AB94-085D180A7212}.Release|Any CPU.Build.0 = Release|Any CPU
	EndGlobalSection
	GlobalSection(SolutionProperties) = preSolution
		HideSolutionNode = FALSE
	EndGlobalSection
	GlobalSection(ExtensibilityGlobals) = postSolution
		SolutionGuid = {7A4A3151-403B-4AF0-8113-3C8E72C87C0B}
	EndGlobalSection
EndGlobal
